{
  "originHash" : "76f3c8c68fa6e867faf35c05488b36d6ab78544c317500a9474e11966d01075f",
  "pins" : [
    {
      "identity" : "facetec-dependency",
      "kind" : "remoteSourceControl",
      "location" : "https://github.com/Autentikar/faceTec-dependency.git",
      "state" : {
        "revision" : "0d62d565cda6e14fcbcd24772e86a5db0bdb6a52",
        "version" : "9.7.51"
      }
    }
  ],
  "version" : 3
}
